<?xml version="1.0" encoding="utf-8"?>
<Project ToolsVersion="4.0" xmlns="http://schemas.microsoft.com/developer/msbuild/2003">
  <ItemGroup>
    <Filter Include="Source Files">
      <UniqueIdentifier>{4FC737F1-C7A5-4376-A066-2A32D752A2FF}</UniqueIdentifier>
      <Extensions>cpp;c;cc;cxx;c++;cppm;ixx;def;odl;idl;hpj;bat;asm;asmx</Extensions>
    </Filter>
    <Filter Include="Header Files">
      <UniqueIdentifier>{93995380-89BD-4b04-88EB-625FBE52EBFB}</UniqueIdentifier>
      <Extensions>h;hh;hpp;hxx;h++;hm;inl;inc;ipp;xsd</Extensions>
    </Filter>
    <Filter Include="Resource Files">
      <UniqueIdentifier>{67DA6AB6-F800-4c08-8B7A-83BB121AAD01}</UniqueIdentifier>
      <Extensions>rc;ico;cur;bmp;dlg;rc2;rct;bin;rgs;gif;jpg;jpeg;jpe;resx;tiff;tif;png;wav;mfcribbon-ms</Extensions>
    </Filter>
  </ItemGroup>
  <ItemGroup>
    <None Include="..\include\.DS_Store">
      <Filter>Header Files</Filter>
    </None>
  </ItemGroup>
  <ItemGroup>
    <ClInclude Include="..\include\Attitude_state.h">
      <Filter>Header Files</Filter>
    </ClInclude>
    <ClInclude Include="..\include\Cartesian.h">
      <Filter>Header Files</Filter>
    </ClInclude>
    <ClInclude Include="..\include\Configuration.h">
      <Filter>Header Files</Filter>
    </ClInclude>
    <ClInclude Include="..\include\constants.h">
      <Filter>Header Files</Filter>
    </ClInclude>
    <ClInclude Include="..\include\Eclipse_model.h">
      <Filter>Header Files</Filter>
    </ClInclude>
    <ClInclude Include="..\include\Ephemeris.h">
      <Filter>Header Files</Filter>
    </ClInclude>
    <ClInclude Include="..\include\filesystem_utils.h">
      <Filter>Header Files</Filter>
    </ClInclude>
    <ClInclude Include="..\include\Flux.h">
      <Filter>Header Files</Filter>
    </ClInclude>
    <ClInclude Include="..\include\Flux_earth_ceres.h">
      <Filter>Header Files</Filter>
    </ClInclude>
    <ClInclude Include="..\include\Flux_earth_ecef.h">
      <Filter>Header Files</Filter>
    </ClInclude>
    <ClInclude Include="..\include\Flux_earth_eci.h">
      <Filter>Header Files</Filter>
    </ClInclude>
    <ClInclude Include="..\include\Flux_solar_ecef.h">
      <Filter>Header Files</Filter>
    </ClInclude>
    <ClInclude Include="..\include\Flux_solar_eci.h">
      <Filter>Header Files</Filter>
    </ClInclude>
    <ClInclude Include="..\include\Force.h">
      <Filter>Header Files</Filter>
    </ClInclude>
    <ClInclude Include="..\include\Force_antenna_thrust.h">
      <Filter>Header Files</Filter>
    </ClInclude>
    <ClInclude Include="..\include\Force_drag.h">
      <Filter>Header Files</Filter>
    </ClInclude>
    <ClInclude Include="..\include\Force_drag_tiegcm.h">
      <Filter>Header Files</Filter>
    </ClInclude>
    <ClInclude Include="..\include\Force_drag_ussa76.h">
      <Filter>Header Files</Filter>
    </ClInclude>
    <ClInclude Include="..\include\Force_earth_gravity.h">
      <Filter>Header Files</Filter>
    </ClInclude>
    <ClInclude Include="..\include\Force_earth_tide.h">
      <Filter>Header Files</Filter>
    </ClInclude>
    <ClInclude Include="..\include\Force_gr_correction.h">
      <Filter>Header Files</Filter>
    </ClInclude>
    <ClInclude Include="..\include\Force_lorentz.h">
      <Filter>Header Files</Filter>
    </ClInclude>
    <ClInclude Include="..\include\Force_rp.h">
      <Filter>Header Files</Filter>
    </ClInclude>
    <ClInclude Include="..\include\Force_rp_analytic.h">
      <Filter>Header Files</Filter>
    </ClInclude>
    <ClInclude Include="..\include\Force_rp_box_wing.h">
      <Filter>Header Files</Filter>
    </ClInclude>
    <ClInclude Include="..\include\Force_rp_gridfile.h">
      <Filter>Header Files</Filter>
    </ClInclude>
    <ClInclude Include="..\include\Force_third_body.h">
      <Filter>Header Files</Filter>
    </ClInclude>
    <ClInclude Include="..\include\Force_trr.h">
      <Filter>Header Files</Filter>
    </ClInclude>
    <ClInclude Include="..\include\Force_trr2.h">
      <Filter>Header Files</Filter>
    </ClInclude>
    <ClInclude Include="..\include\Force_trr3.h">
      <Filter>Header Files</Filter>
    </ClInclude>
    <ClInclude Include="..\include\Force_y_bias.h">
      <Filter>Header Files</Filter>
    </ClInclude>
    <ClInclude Include="..\include\Frame_transform.h">
      <Filter>Header Files</Filter>
    </ClInclude>
    <ClInclude Include="..\include\JPL_orbit_format.h">
      <Filter>Header Files</Filter>
    </ClInclude>
    <ClInclude Include="..\include\Keplerian_elements.h">
      <Filter>Header Files</Filter>
    </ClInclude>
    <ClInclude Include="..\include\lagrange_interpolation.h">
      <Filter>Header Files</Filter>
    </ClInclude>
    <ClInclude Include="..\include\Matrix.h">
      <Filter>Header Files</Filter>
    </ClInclude>
    <ClInclude Include="..\include\Output_handler.h">
      <Filter>Header Files</Filter>
    </ClInclude>
    <ClInclude Include="..\include\polynomial.h">
      <Filter>Header Files</Filter>
    </ClInclude>
    <ClInclude Include="..\include\Prop_erk87.h">
      <Filter>Header Files</Filter>
    </ClInclude>
    <ClInclude Include="..\include\Prop_erkf78.h">
      <Filter>Header Files</Filter>
    </ClInclude>
    <ClInclude Include="..\include\Prop_kepler.h">
      <Filter>Header Files</Filter>
    </ClInclude>
    <ClInclude Include="..\include\Prop_rk4.h">
      <Filter>Header Files</Filter>
    </ClInclude>
    <ClInclude Include="..\include\Prop_sgp4.h">
      <Filter>Header Files</Filter>
    </ClInclude>
    <ClInclude Include="..\include\Propagators.h">
      <Filter>Header Files</Filter>
    </ClInclude>
    <ClInclude Include="..\include\Resident_constants.h">
      <Filter>Header Files</Filter>
    </ClInclude>
    <ClInclude Include="..\include\Resident_space_object.h">
      <Filter>Header Files</Filter>
    </ClInclude>
    <ClInclude Include="..\include\Resident_variables.h">
      <Filter>Header Files</Filter>
    </ClInclude>
    <ClInclude Include="..\include\SP3.h">
      <Filter>Header Files</Filter>
    </ClInclude>
    <ClInclude Include="..\include\State_vector.h">
      <Filter>Header Files</Filter>
    </ClInclude>
    <ClInclude Include="..\include\Timetag.h">
      <Filter>Header Files</Filter>
    </ClInclude>
    <ClInclude Include="..\include\Total_solar_irradiance.h">
      <Filter>Header Files</Filter>
    </ClInclude>
    <ClInclude Include="..\include\Two_line_element.h">
      <Filter>Header Files</Filter>
    </ClInclude>
    <ClInclude Include="..\include\Two_line_element_reader.h">
      <Filter>Header Files</Filter>
    </ClInclude>
  </ItemGroup>
  <ItemGroup>
    <ClCompile Include="..\src\Attitude_state.cpp">
      <Filter>Resource Files</Filter>
    </ClCompile>
    <ClCompile Include="..\src\Configuration.cpp">
      <Filter>Resource Files</Filter>
    </ClCompile>
    <ClCompile Include="..\src\Eclipse_model.cpp">
      <Filter>Resource Files</Filter>
    </ClCompile>
    <ClCompile Include="..\src\Ephemeris.cpp">
      <Filter>Resource Files</Filter>
    </ClCompile>
    <ClCompile Include="..\src\Flux.cpp">
      <Filter>Resource Files</Filter>
    </ClCompile>
    <ClCompile Include="..\src\Flux_earth_ceres.cpp">
      <Filter>Resource Files</Filter>
    </ClCompile>
    <ClCompile Include="..\src\Flux_earth_ecef.cpp">
      <Filter>Resource Files</Filter>
    </ClCompile>
    <ClCompile Include="..\src\Flux_earth_eci.cpp">
      <Filter>Resource Files</Filter>
    </ClCompile>
    <ClCompile Include="..\src\Flux_solar_ecef.cpp">
      <Filter>Resource Files</Filter>
    </ClCompile>
    <ClCompile Include="..\src\Flux_solar_eci.cpp">
      <Filter>Resource Files</Filter>
    </ClCompile>
    <ClCompile Include="..\src\Force.cpp">
      <Filter>Resource Files</Filter>
    </ClCompile>
    <ClCompile Include="..\src\Force_antenna_thrust.cpp">
      <Filter>Resource Files</Filter>
    </ClCompile>
    <ClCompile Include="..\src\Force_drag.cpp">
      <Filter>Resource Files</Filter>
    </ClCompile>
    <ClCompile Include="..\src\Force_drag_tiegcm.cpp">
      <Filter>Resource Files</Filter>
    </ClCompile>
    <ClCompile Include="..\src\Force_drag_ussa76.cpp">
      <Filter>Resource Files</Filter>
    </ClCompile>
    <ClCompile Include="..\src\Force_earth_gravity.cpp">
      <Filter>Resource Files</Filter>
    </ClCompile>
    <ClCompile Include="..\src\Force_earth_tide.cpp">
      <Filter>Resource Files</Filter>
    </ClCompile>
    <ClCompile Include="..\src\Force_gr_correction.cpp">
      <Filter>Resource Files</Filter>
    </ClCompile>
    <ClCompile Include="..\src\Force_lorentz.cpp">
      <Filter>Resource Files</Filter>
    </ClCompile>
    <ClCompile Include="..\src\Force_rp.cpp">
      <Filter>Resource Files</Filter>
    </ClCompile>
    <ClCompile Include="..\src\Force_rp_analytic.cpp">
      <Filter>Resource Files</Filter>
    </ClCompile>
    <ClCompile Include="..\src\Force_rp_box_wing.cpp">
      <Filter>Resource Files</Filter>
    </ClCompile>
    <ClCompile Include="..\src\Force_rp_gridfile.cpp">
      <Filter>Resource Files</Filter>
    </ClCompile>
    <ClCompile Include="..\src\Force_third_body.cpp">
      <Filter>Resource Files</Filter>
    </ClCompile>
    <ClCompile Include="..\src\Force_trr.cpp">
      <Filter>Resource Files</Filter>
    </ClCompile>
    <ClCompile Include="..\src\Force_trr2.cpp">
      <Filter>Resource Files</Filter>
    </ClCompile>
    <ClCompile Include="..\src\Force_trr3.cpp">
      <Filter>Resource Files</Filter>
    </ClCompile>
    <ClCompile Include="..\src\Force_y_bias.cpp">
      <Filter>Resource Files</Filter>
    </ClCompile>
    <ClCompile Include="..\src\Frame_transform.cpp">
      <Filter>Resource Files</Filter>
    </ClCompile>
    <ClCompile Include="..\src\JPL_orbit_format.cpp">
      <Filter>Resource Files</Filter>
    </ClCompile>
    <ClCompile Include="..\src\Keplerian_elements.cpp">
      <Filter>Resource Files</Filter>
    </ClCompile>
    <ClCompile Include="..\src\main_car2kep.cpp">
      <Filter>Resource Files</Filter>
    </ClCompile>
    <ClCompile Include="..\src\main_ECEF2ECI.cpp">
      <Filter>Resource Files</Filter>
    </ClCompile>
    <ClCompile Include="..\src\main_ECI2ECEF.cpp">
      <Filter>Resource Files</Filter>
    </ClCompile>
    <ClCompile Include="..\src\main_fit_orbit_to_sp3_v3.cpp">
      <Filter>Resource Files</Filter>
    </ClCompile>
    <ClCompile Include="..\src\main_kep2car.cpp">
      <Filter>Resource Files</Filter>
    </ClCompile>
    <ClCompile Include="..\src\main_sgnlOPS.cpp">
      <Filter>Resource Files</Filter>
    </ClCompile>
    <ClCompile Include="..\src\main_SP3_to_eci.cpp">
      <Filter>Resource Files</Filter>
    </ClCompile>
    <ClCompile Include="..\src\Output_handler.cpp">
      <Filter>Resource Files</Filter>
    </ClCompile>
    <ClCompile Include="..\src\Prop_erk87.cpp">
      <Filter>Resource Files</Filter>
    </ClCompile>
    <ClCompile Include="..\src\Prop_erkf78.cpp">
      <Filter>Resource Files</Filter>
    </ClCompile>
    <ClCompile Include="..\src\Prop_kepler.cpp">
      <Filter>Resource Files</Filter>
    </ClCompile>
    <ClCompile Include="..\src\Prop_rk4.cpp">
      <Filter>Resource Files</Filter>
    </ClCompile>
    <ClCompile Include="..\src\Prop_sgp4.cpp">
      <Filter>Resource Files</Filter>
    </ClCompile>
    <ClCompile Include="..\src\Propagators.cpp">
      <Filter>Resource Files</Filter>
    </ClCompile>
    <ClCompile Include="..\src\Resident_constants.cpp">
      <Filter>Resource Files</Filter>
    </ClCompile>
    <ClCompile Include="..\src\Resident_space_object.cpp">
      <Filter>Resource Files</Filter>
    </ClCompile>
    <ClCompile Include="..\src\Resident_variables.cpp">
      <Filter>Resource Files</Filter>
    </ClCompile>
    <ClCompile Include="..\src\SP3.cpp">
      <Filter>Resource Files</Filter>
    </ClCompile>
    <ClCompile Include="..\src\Timetag.cpp">
      <Filter>Resource Files</Filter>
    </ClCompile>
    <ClCompile Include="..\src\Total_solar_irradiance.cpp">
      <Filter>Resource Files</Filter>
    </ClCompile>
    <ClCompile Include="..\src\Two_line_element.cpp">
      <Filter>Resource Files</Filter>
    </ClCompile>
    <ClCompile Include="..\src\Two_line_element_reader.cpp">
      <Filter>Resource Files</Filter>
    </ClCompile>
  </ItemGroup>
</Project>